
Microsoft Visual Studio Solution File, Format Version 12.00
# Visual Studio 15
VisualStudioVersion = 15.0.28307.902
MinimumVisualStudioVersion = 10.0.40219.1
Project("{FAE04EC0-301F-11D3-BF4B-00C04F79EFBC}") = "huhu-for-windows", "huhu-for-windows.csproj", "{A5415240-257A-4A3A-882D-CDF6D449C5B5}"
EndProject
Global
	GlobalSection(SolutionConfigurationPlatforms) = preSolution
		Debug|Any CPU = Debug|Any CPU
		Release|Any CPU = Release|Any CPU
	EndGlobalSection
	GlobalSection(ProjectConfigurationPlatforms) = postSolution
		{A5415240-257A-4A3A-882D-CDF6D449C5B5}.Debug|Any CPU.ActiveCfg = Debug|Any CPU
		{A5415240-257A-4A3A-882D-CDF6D449C5B5}.Debug|Any CPU.Build.0 = Debug|Any CPU
		{A5415240-257A-4A3A-882D-CDF6D449C5B5}.Release|Any CPU.ActiveCfg = Release|Any CPU
		{A5415240-257A-4A3A-882D-CDF6D449C5B5}.Release|Any CPU.Build.0 = Release|Any CPU
	EndGlobalSection
	GlobalSection(SolutionProperties) = preSolution
		HideSolutionNode = FALSE
	EndGlobalSection
	GlobalSection(ExtensibilityGlobals) = postSolution
		SolutionGuid = {9E75B9F2-0558-4D1A-BA44-93C74B97248B}
	EndGlobalSection
EndGlobal
